
Microsoft Visual Studio Solution File, Format Version 12.00
# Visual Studio Version 17
VisualStudioVersion = 17.1.32210.238
MinimumVisualStudioVersion = 10.0.40219.1
Project("{FAE04EC0-301F-11D3-BF4B-00C04F79EFBC}") = "BubbleSort", "BubbleSort\BubbleSort.csproj", "{FC39508B-D745-453F-B485-9C822DFDD8F4}"
EndProject
Global
	GlobalSection(SolutionConfigurationPlatforms) = preSolution
		Debug|Any CPU = Debug|Any CPU
		Release|Any CPU = Release|Any CPU
	EndGlobalSection
	GlobalSection(ProjectConfigurationPlatforms) = postSolution
		{FC39508B-D745-453F-B485-9C822DFDD8F4}.Debug|Any CPU.ActiveCfg = Debug|Any CPU
		{FC39508B-D745-453F-B485-9C822DFDD8F4}.Debug|Any CPU.Build.0 = Debug|Any CPU
		{FC39508B-D745-453F-B485-9C822DFDD8F4}.Release|Any CPU.ActiveCfg = Release|Any CPU
		{FC39508B-D745-453F-B485-9C822DFDD8F4}.Release|Any CPU.Build.0 = Release|Any CPU
	EndGlobalSection
	GlobalSection(SolutionProperties) = preSolution
		HideSolutionNode = FALSE
	EndGlobalSection
	GlobalSection(ExtensibilityGlobals) = postSolution
		SolutionGuid = {4B11D3CD-24C4-41B4-B341-F447F522DF88}
	EndGlobalSection
EndGlobal
